
Microsoft Visual Studio Solution File, Format Version 12.00
# Visual Studio 15
VisualStudioVersion = 15.0.27703.2026
MinimumVisualStudioVersion = 10.0.40219.1
Project("{8BC9CEB8-8B4A-11D0-8D11-00A0C91BC942}") = "제로픈 곽민규 콘솔겜", "제로픈 곽민규 콘솔겜\제로픈 곽민규 콘솔겜.vcxproj", "{DD12BBE5-6C62-469A-B709-687E560F7E2C}"
EndProject
Global
	GlobalSection(SolutionConfigurationPlatforms) = preSolution
		Debug|x64 = Debug|x64
		Debug|x86 = Debug|x86
		Release|x64 = Release|x64
		Release|x86 = Release|x86
	EndGlobalSection
	GlobalSection(ProjectConfigurationPlatforms) = postSolution
		{DD12BBE5-6C62-469A-B709-687E560F7E2C}.Debug|x64.ActiveCfg = Debug|x64
		{DD12BBE5-6C62-469A-B709-687E560F7E2C}.Debug|x64.Build.0 = Debug|x64
		{DD12BBE5-6C62-469A-B709-687E560F7E2C}.Debug|x86.ActiveCfg = Debug|Win32
		{DD12BBE5-6C62-469A-B709-687E560F7E2C}.Debug|x86.Build.0 = Debug|Win32
		{DD12BBE5-6C62-469A-B709-687E560F7E2C}.Release|x64.ActiveCfg = Release|x64
		{DD12BBE5-6C62-469A-B709-687E560F7E2C}.Release|x64.Build.0 = Release|x64
		{DD12BBE5-6C62-469A-B709-687E560F7E2C}.Release|x86.ActiveCfg = Release|Win32
		{DD12BBE5-6C62-469A-B709-687E560F7E2C}.Release|x86.Build.0 = Release|Win32
	EndGlobalSection
	GlobalSection(SolutionProperties) = preSolution
		HideSolutionNode = FALSE
	EndGlobalSection
	GlobalSection(ExtensibilityGlobals) = postSolution
		SolutionGuid = {B472993C-996D-4AF1-9225-CA2E3FD32240}
	EndGlobalSection
EndGlobal
